
Microsoft Visual Studio Solution File, Format Version 12.00
# Visual Studio Version 17
VisualStudioVersion = 17.13.35828.75 d17.13
MinimumVisualStudioVersion = 10.0.40219.1
Project("{FAE04EC0-301F-11D3-BF4B-00C04F79EFBC}") = "CarsMVC25", "CarsMVC25\CarsMVC25.csproj", "{E72A9D2F-65ED-4739-A919-955329F7C4F6}"
EndProject
Project("{FAE04EC0-301F-11D3-BF4B-00C04F79EFBC}") = "CarsMVC25.Data", "CarsMVC25.Data\CarsMVC25.Data.csproj", "{B19D650A-984B-4850-87E2-2C3FD60C33B7}"
EndProject
Project("{FAE04EC0-301F-11D3-BF4B-00C04F79EFBC}") = "CarsMVC25.Services", "CarsMVC25.Services\CarsMVC25.Services.csproj", "{7F196CE8-CC4F-4184-B4B7-194D649182B1}"
EndProject
Project("{FAE04EC0-301F-11D3-BF4B-00C04F79EFBC}") = "CarsMVC25.Tests", "CarsMVC25.Tests\CarsMVC25.Tests.csproj", "{84807515-1019-43D1-A25E-37A113A2D2B0}"
EndProject
Global
	GlobalSection(SolutionConfigurationPlatforms) = preSolution
		Debug|Any CPU = Debug|Any CPU
		Release|Any CPU = Release|Any CPU
	EndGlobalSection
	GlobalSection(ProjectConfigurationPlatforms) = postSolution
		{E72A9D2F-65ED-4739-A919-955329F7C4F6}.Debug|Any CPU.ActiveCfg = Debug|Any CPU
		{E72A9D2F-65ED-4739-A919-955329F7C4F6}.Debug|Any CPU.Build.0 = Debug|Any CPU
		{E72A9D2F-65ED-4739-A919-955329F7C4F6}.Release|Any CPU.ActiveCfg = Release|Any CPU
		{E72A9D2F-65ED-4739-A919-955329F7C4F6}.Release|Any CPU.Build.0 = Release|Any CPU
		{B19D650A-984B-4850-87E2-2C3FD60C33B7}.Debug|Any CPU.ActiveCfg = Debug|Any CPU
		{B19D650A-984B-4850-87E2-2C3FD60C33B7}.Debug|Any CPU.Build.0 = Debug|Any CPU
		{B19D650A-984B-4850-87E2-2C3FD60C33B7}.Release|Any CPU.ActiveCfg = Release|Any CPU
		{B19D650A-984B-4850-87E2-2C3FD60C33B7}.Release|Any CPU.Build.0 = Release|Any CPU
		{7F196CE8-CC4F-4184-B4B7-194D649182B1}.Debug|Any CPU.ActiveCfg = Debug|Any CPU
		{7F196CE8-CC4F-4184-B4B7-194D649182B1}.Debug|Any CPU.Build.0 = Debug|Any CPU
		{7F196CE8-CC4F-4184-B4B7-194D649182B1}.Release|Any CPU.ActiveCfg = Release|Any CPU
		{7F196CE8-CC4F-4184-B4B7-194D649182B1}.Release|Any CPU.Build.0 = Release|Any CPU
		{84807515-1019-43D1-A25E-37A113A2D2B0}.Debug|Any CPU.ActiveCfg = Debug|Any CPU
		{84807515-1019-43D1-A25E-37A113A2D2B0}.Debug|Any CPU.Build.0 = Debug|Any CPU
		{84807515-1019-43D1-A25E-37A113A2D2B0}.Release|Any CPU.ActiveCfg = Release|Any CPU
		{84807515-1019-43D1-A25E-37A113A2D2B0}.Release|Any CPU.Build.0 = Release|Any CPU
	EndGlobalSection
	GlobalSection(SolutionProperties) = preSolution
		HideSolutionNode = FALSE
	EndGlobalSection
	GlobalSection(ExtensibilityGlobals) = postSolution
		SolutionGuid = {B457DC0F-E780-4E9E-B34D-8A64C3014676}
	EndGlobalSection
EndGlobal
